
Microsoft Visual Studio Solution File, Format Version 12.00
# Visual Studio 15
Project("{FAE04EC0-301F-11D3-BF4B-00C04F79EFBC}") = "Assembly-CSharp", "Assembly-CSharp.csproj", "{CE663C4B-D343-ED09-DF64-D0827F5CCEB5}"
EndProject
Project("{FAE04EC0-301F-11D3-BF4B-00C04F79EFBC}") = "LiveShapes", "LiveShapes.csproj", "{0A6D03BB-59B5-CD0B-88F2-3A3162893925}"
EndProject
Project("{FAE04EC0-301F-11D3-BF4B-00C04F79EFBC}") = "Assembly-CSharp-firstpass", "Assembly-CSharp-firstpass.csproj", "{41EDB070-45C9-AA00-9BF2-D820795DF82C}"
EndProject
Project("{FAE04EC0-301F-11D3-BF4B-00C04F79EFBC}") = "Assembly-CSharp-Editor", "Assembly-CSharp-Editor.csproj", "{D4920947-C7F5-96F7-EC11-67974B0D238F}"
EndProject
Global
	GlobalSection(SolutionConfigurationPlatforms) = preSolution
		Debug|Any CPU = Debug|Any CPU
		Release|Any CPU = Release|Any CPU
	EndGlobalSection
	GlobalSection(ProjectConfigurationPlatforms) = postSolution
		{CE663C4B-D343-ED09-DF64-D0827F5CCEB5}.Debug|Any CPU.ActiveCfg = Debug|Any CPU
		{CE663C4B-D343-ED09-DF64-D0827F5CCEB5}.Debug|Any CPU.Build.0 = Debug|Any CPU
		{CE663C4B-D343-ED09-DF64-D0827F5CCEB5}.Release|Any CPU.ActiveCfg = Release|Any CPU
		{CE663C4B-D343-ED09-DF64-D0827F5CCEB5}.Release|Any CPU.Build.0 = Release|Any CPU
		{0A6D03BB-59B5-CD0B-88F2-3A3162893925}.Debug|Any CPU.ActiveCfg = Debug|Any CPU
		{0A6D03BB-59B5-CD0B-88F2-3A3162893925}.Debug|Any CPU.Build.0 = Debug|Any CPU
		{0A6D03BB-59B5-CD0B-88F2-3A3162893925}.Release|Any CPU.ActiveCfg = Release|Any CPU
		{0A6D03BB-59B5-CD0B-88F2-3A3162893925}.Release|Any CPU.Build.0 = Release|Any CPU
		{41EDB070-45C9-AA00-9BF2-D820795DF82C}.Debug|Any CPU.ActiveCfg = Debug|Any CPU
		{41EDB070-45C9-AA00-9BF2-D820795DF82C}.Debug|Any CPU.Build.0 = Debug|Any CPU
		{41EDB070-45C9-AA00-9BF2-D820795DF82C}.Release|Any CPU.ActiveCfg = Release|Any CPU
		{41EDB070-45C9-AA00-9BF2-D820795DF82C}.Release|Any CPU.Build.0 = Release|Any CPU
		{D4920947-C7F5-96F7-EC11-67974B0D238F}.Debug|Any CPU.ActiveCfg = Debug|Any CPU
		{D4920947-C7F5-96F7-EC11-67974B0D238F}.Debug|Any CPU.Build.0 = Debug|Any CPU
		{D4920947-C7F5-96F7-EC11-67974B0D238F}.Release|Any CPU.ActiveCfg = Release|Any CPU
		{D4920947-C7F5-96F7-EC11-67974B0D238F}.Release|Any CPU.Build.0 = Release|Any CPU
	EndGlobalSection
	GlobalSection(SolutionProperties) = preSolution
		HideSolutionNode = FALSE
	EndGlobalSection
EndGlobal
